
Microsoft Visual Studio Solution File, Format Version 12.00
# Visual Studio Version 17
VisualStudioVersion = 17.3.32922.545
MinimumVisualStudioVersion = 10.0.40219.1
Project("{FAE04EC0-301F-11D3-BF4B-00C04F79EFBC}") = "University", "University\University.csproj", "{5E846402-998C-4CC0-B05A-9E59C0A8DF39}"
EndProject
Project("{FAE04EC0-301F-11D3-BF4B-00C04F79EFBC}") = "DataAccess", "DataAccess\DataAccess.csproj", "{A87B1C90-23DC-4F14-AC89-29C272ED2E42}"
EndProject
Project("{FAE04EC0-301F-11D3-BF4B-00C04F79EFBC}") = "Interface", "Interface\Interface.csproj", "{4E8CD9F0-3439-44CB-87CA-EEE8262D610E}"
EndProject
Project("{FAE04EC0-301F-11D3-BF4B-00C04F79EFBC}") = "Core", "Core\Core.csproj", "{E92FD6B1-10DF-4605-BB4C-80E34EF14455}"
EndProject
Project("{FAE04EC0-301F-11D3-BF4B-00C04F79EFBC}") = "Model", "Model\Model.csproj", "{B201E5F8-00FD-4CD9-855D-797841403D1D}"
EndProject
Project("{FAE04EC0-301F-11D3-BF4B-00C04F79EFBC}") = "Utility", "Utility\Utility.csproj", "{80634754-6E9D-4459-AEA1-D397FE7D24C2}"
EndProject
Global
	GlobalSection(SolutionConfigurationPlatforms) = preSolution
		Debug|Any CPU = Debug|Any CPU
		Release|Any CPU = Release|Any CPU
	EndGlobalSection
	GlobalSection(ProjectConfigurationPlatforms) = postSolution
		{5E846402-998C-4CC0-B05A-9E59C0A8DF39}.Debug|Any CPU.ActiveCfg = Debug|Any CPU
		{5E846402-998C-4CC0-B05A-9E59C0A8DF39}.Debug|Any CPU.Build.0 = Debug|Any CPU
		{5E846402-998C-4CC0-B05A-9E59C0A8DF39}.Release|Any CPU.ActiveCfg = Release|Any CPU
		{5E846402-998C-4CC0-B05A-9E59C0A8DF39}.Release|Any CPU.Build.0 = Release|Any CPU
		{A87B1C90-23DC-4F14-AC89-29C272ED2E42}.Debug|Any CPU.ActiveCfg = Debug|Any CPU
		{A87B1C90-23DC-4F14-AC89-29C272ED2E42}.Debug|Any CPU.Build.0 = Debug|Any CPU
		{A87B1C90-23DC-4F14-AC89-29C272ED2E42}.Release|Any CPU.ActiveCfg = Release|Any CPU
		{A87B1C90-23DC-4F14-AC89-29C272ED2E42}.Release|Any CPU.Build.0 = Release|Any CPU
		{4E8CD9F0-3439-44CB-87CA-EEE8262D610E}.Debug|Any CPU.ActiveCfg = Debug|Any CPU
		{4E8CD9F0-3439-44CB-87CA-EEE8262D610E}.Debug|Any CPU.Build.0 = Debug|Any CPU
		{4E8CD9F0-3439-44CB-87CA-EEE8262D610E}.Release|Any CPU.ActiveCfg = Release|Any CPU
		{4E8CD9F0-3439-44CB-87CA-EEE8262D610E}.Release|Any CPU.Build.0 = Release|Any CPU
		{E92FD6B1-10DF-4605-BB4C-80E34EF14455}.Debug|Any CPU.ActiveCfg = Debug|Any CPU
		{E92FD6B1-10DF-4605-BB4C-80E34EF14455}.Debug|Any CPU.Build.0 = Debug|Any CPU
		{E92FD6B1-10DF-4605-BB4C-80E34EF14455}.Release|Any CPU.ActiveCfg = Release|Any CPU
		{E92FD6B1-10DF-4605-BB4C-80E34EF14455}.Release|Any CPU.Build.0 = Release|Any CPU
		{B201E5F8-00FD-4CD9-855D-797841403D1D}.Debug|Any CPU.ActiveCfg = Debug|Any CPU
		{B201E5F8-00FD-4CD9-855D-797841403D1D}.Debug|Any CPU.Build.0 = Debug|Any CPU
		{B201E5F8-00FD-4CD9-855D-797841403D1D}.Release|Any CPU.ActiveCfg = Release|Any CPU
		{B201E5F8-00FD-4CD9-855D-797841403D1D}.Release|Any CPU.Build.0 = Release|Any CPU
		{80634754-6E9D-4459-AEA1-D397FE7D24C2}.Debug|Any CPU.ActiveCfg = Debug|Any CPU
		{80634754-6E9D-4459-AEA1-D397FE7D24C2}.Debug|Any CPU.Build.0 = Debug|Any CPU
		{80634754-6E9D-4459-AEA1-D397FE7D24C2}.Release|Any CPU.ActiveCfg = Release|Any CPU
		{80634754-6E9D-4459-AEA1-D397FE7D24C2}.Release|Any CPU.Build.0 = Release|Any CPU
	EndGlobalSection
	GlobalSection(SolutionProperties) = preSolution
		HideSolutionNode = FALSE
	EndGlobalSection
	GlobalSection(ExtensibilityGlobals) = postSolution
		SolutionGuid = {C08D6FB6-9756-4028-AAE5-0ABCE8E69741}
	EndGlobalSection
EndGlobal
